
Microsoft Visual Studio Solution File, Format Version 12.00
# Visual Studio 2013
VisualStudioVersion = 12.0.21005.1
MinimumVisualStudioVersion = 10.0.40219.1
Project("{FAE04EC0-301F-11D3-BF4B-00C04F79EFBC}") = "SikkimRepository.Web", "SikkimRepository.Web\SikkimRepository.Web.csproj", "{68589F0C-8F93-4F3D-A563-C98F86F32E1B}"
EndProject
Project("{FAE04EC0-301F-11D3-BF4B-00C04F79EFBC}") = "SikkimRepository.Entities", "SikkimRepository.Entities\SikkimRepository.Entities.csproj", "{A9F29BA1-8FDA-48E7-8F06-BD44E2D47087}"
EndProject
Global
	GlobalSection(SolutionConfigurationPlatforms) = preSolution
		Debug|Any CPU = Debug|Any CPU
		Release|Any CPU = Release|Any CPU
	EndGlobalSection
	GlobalSection(ProjectConfigurationPlatforms) = postSolution
		{68589F0C-8F93-4F3D-A563-C98F86F32E1B}.Debug|Any CPU.ActiveCfg = Debug|Any CPU
		{68589F0C-8F93-4F3D-A563-C98F86F32E1B}.Debug|Any CPU.Build.0 = Debug|Any CPU
		{68589F0C-8F93-4F3D-A563-C98F86F32E1B}.Release|Any CPU.ActiveCfg = Release|Any CPU
		{68589F0C-8F93-4F3D-A563-C98F86F32E1B}.Release|Any CPU.Build.0 = Release|Any CPU
		{A9F29BA1-8FDA-48E7-8F06-BD44E2D47087}.Debug|Any CPU.ActiveCfg = Debug|Any CPU
		{A9F29BA1-8FDA-48E7-8F06-BD44E2D47087}.Debug|Any CPU.Build.0 = Debug|Any CPU
		{A9F29BA1-8FDA-48E7-8F06-BD44E2D47087}.Release|Any CPU.ActiveCfg = Release|Any CPU
		{A9F29BA1-8FDA-48E7-8F06-BD44E2D47087}.Release|Any CPU.Build.0 = Release|Any CPU
	EndGlobalSection
	GlobalSection(SolutionProperties) = preSolution
		HideSolutionNode = FALSE
	EndGlobalSection
	GlobalSection(ExtensibilityGlobals) = postSolution
		SolutionGuid = {AEABDC5D-82EB-4614-9CA6-5860B30109A7}
	EndGlobalSection
EndGlobal
